
Microsoft Visual Studio Solution File, Format Version 12.00
# Visual Studio Version 16
VisualStudioVersion = 16.0.29920.165
MinimumVisualStudioVersion = 10.0.40219.1
Project("{FAE04EC0-301F-11D3-BF4B-00C04F79EFBC}") = "Week0329.Mvc", "Week0329.Mvc\Week0329.Mvc.csproj", "{F66F3F2A-DF8D-4520-8F1E-4F3CF842765C}"
EndProject
Global
	GlobalSection(SolutionConfigurationPlatforms) = preSolution
		Debug|Any CPU = Debug|Any CPU
		Release|Any CPU = Release|Any CPU
	EndGlobalSection
	GlobalSection(ProjectConfigurationPlatforms) = postSolution
		{F66F3F2A-DF8D-4520-8F1E-4F3CF842765C}.Debug|Any CPU.ActiveCfg = Debug|Any CPU
		{F66F3F2A-DF8D-4520-8F1E-4F3CF842765C}.Debug|Any CPU.Build.0 = Debug|Any CPU
		{F66F3F2A-DF8D-4520-8F1E-4F3CF842765C}.Release|Any CPU.ActiveCfg = Release|Any CPU
		{F66F3F2A-DF8D-4520-8F1E-4F3CF842765C}.Release|Any CPU.Build.0 = Release|Any CPU
	EndGlobalSection
	GlobalSection(SolutionProperties) = preSolution
		HideSolutionNode = FALSE
	EndGlobalSection
	GlobalSection(ExtensibilityGlobals) = postSolution
		SolutionGuid = {57E115BE-A496-4477-A8DE-49236ABAFEAE}
	EndGlobalSection
EndGlobal
